{
  "name": "shuwashuwa-wxapp",
  "version": "0.0.1",
  "lockfileVersion": 1,
  "requires": true,
  "dependencies": {
    "@vant/weapp": {
      "version": "1.6.4",
      "resolved": "https://registry.npmjs.org/@vant/weapp/-/weapp-1.6.4.tgz",
      "integrity": "sha512-3vhoMHXS1Gz2FJDDcWnkunP196QYMXBAiKi4ouvZtYDpEFhuX3oaPrxK/ckLliFAfPInujnd+mdMueLaX0aQ2A=="
    },
    "base64-utf8": {
      "version": "0.1.8",
      "resolved": "https://registry.npmjs.org/base64-utf8/-/base64-utf8-0.1.8.tgz",
      "integrity": "sha512-g7YaVcV9J+17ExiNKTcK52jqbV5OsFsnK+uof1+1N5XrvwN3xP7U/WsJMkFyTTts+3QRrZygOaC095LkTVcCyA=="
    },
    "miniprogram-api-promise": {
      "version": "1.0.4",
      "resolved": "https://registry.npmjs.org/miniprogram-api-promise/-/miniprogram-api-promise-1.0.4.tgz",
      "integrity": "sha512-lS2ukj03Ugy8IJUDmdssklLT4kjzyRtVYwErhyDZkzxtqcxaed2xldRgNrsikigeMUBR9gAs7wgnjSKPlyKIYg=="
    },
    "we-validator": {
      "version": "2.1.14",
      "resolved": "https://registry.npmjs.org/we-validator/-/we-validator-2.1.14.tgz",
      "integrity": "sha512-Ju2jE2+Dp7hK6APG1wBijOmAV3sWraVxzHuZi30b1O3eSV106U8qpLDEReYdMcmJwKODKTWAyNjeN7avGFrhyA=="
    }
  }
}
