{
  "name": "shuwashuwa-wxapp",
  "version": "0.0.1",
  "lockfileVersion": 1,
  "requires": true,
  "dependencies": {
    "@vant/weapp": {
      "version": "1.6.2",
      "resolved": "https://registry.npmjs.org/@vant/weapp/-/weapp-1.6.2.tgz",
      "integrity": "sha512-BFzrUFGUfnIoA0ZKWrATSZvGI4/E2eDqpjSIL9fYm6ExtLXhDsiennJltESph0aMGPIDn6ziHgCvNAD+GRnqoQ=="
    },
    "base64-utf8": {
      "version": "0.1.8",
      "resolved": "https://registry.npmjs.org/base64-utf8/-/base64-utf8-0.1.8.tgz",
      "integrity": "sha512-g7YaVcV9J+17ExiNKTcK52jqbV5OsFsnK+uof1+1N5XrvwN3xP7U/WsJMkFyTTts+3QRrZygOaC095LkTVcCyA=="
    },
    "miniprogram-api-promise": {
      "version": "1.0.4",
      "resolved": "https://registry.npmjs.org/miniprogram-api-promise/-/miniprogram-api-promise-1.0.4.tgz",
      "integrity": "sha512-lS2ukj03Ugy8IJUDmdssklLT4kjzyRtVYwErhyDZkzxtqcxaed2xldRgNrsikigeMUBR9gAs7wgnjSKPlyKIYg=="
    },
    "we-validator": {
      "version": "2.1.11",
      "resolved": "https://registry.npmjs.org/we-validator/-/we-validator-2.1.11.tgz",
      "integrity": "sha512-doVK3SP44PT5VceDuHNlUFsuj/tx2gl+3nPxu+emkiFrDOaGNQBsDau5b3N90Vdl9Q0F2fQgHThFm7JQkqtFfw=="
    }
  }
}
